// !$*UTF8*$!
{
	archiveVersion = 1;
	classes = {
	};
	objectVersion = 50;
	objects = {

/* Begin PBXBuildFile section */
		41F972AB78D5FECF6D44B280 /* Pods_CodeChallengeTableView.framework in Frameworks */ = {isa = PBXBuildFile; fileRef = 747B092642CA25DC3017A95B /* Pods_CodeChallengeTableView.framework */; };
		9F4DD924213779870065B738 /* AppDelegate.swift in Sources */ = {isa = PBXBuildFile; fileRef = 9F4DD923213779870065B738 /* AppDelegate.swift */; };
		9F4DD929213779870065B738 /* Main.storyboard in Resources */ = {isa = PBXBuildFile; fileRef = 9F4DD927213779870065B738 /* Main.storyboard */; };
		9F4DD92B2137798A0065B738 /* Assets.xcassets in Resources */ = {isa = PBXBuildFile; fileRef = 9F4DD92A2137798A0065B738 /* Assets.xcassets */; };
		9F4DD92E2137798A0065B738 /* LaunchScreen.storyboard in Resources */ = {isa = PBXBuildFile; fileRef = 9F4DD92C2137798A0065B738 /* LaunchScreen.storyboard */; };
		9F4DD936213884130065B738 /* TopTabItem.swift in Sources */ = {isa = PBXBuildFile; fileRef = 9F4DD935213884130065B738 /* TopTabItem.swift */; };
		9F4DD938213884440065B738 /* FilterView.swift in Sources */ = {isa = PBXBuildFile; fileRef = 9F4DD937213884440065B738 /* FilterView.swift */; };
		9F4DD93B2139FA4E0065B738 /* HomeViewController.swift in Sources */ = {isa = PBXBuildFile; fileRef = 9F4DD93A2139FA4E0065B738 /* HomeViewController.swift */; };
		9F4DD943213A189E0065B738 /* Home.storyboard in Resources */ = {isa = PBXBuildFile; fileRef = 9F4DD941213A189E0065B738 /* Home.storyboard */; };
		9F4DD946213A18C00065B738 /* Explore.storyboard in Resources */ = {isa = PBXBuildFile; fileRef = 9F4DD944213A18C00065B738 /* Explore.storyboard */; };
		9F4DD949213A18EB0065B738 /* MyTickets.storyboard in Resources */ = {isa = PBXBuildFile; fileRef = 9F4DD947213A18EB0065B738 /* MyTickets.storyboard */; };
		9F4DD94C213A19230065B738 /* Account.storyboard in Resources */ = {isa = PBXBuildFile; fileRef = 9F4DD94A213A19230065B738 /* Account.storyboard */; };
		9F4DD94F213A26380065B738 /* HomeEventsTableViewCell.swift in Sources */ = {isa = PBXBuildFile; fileRef = 9F4DD94E213A26380065B738 /* HomeEventsTableViewCell.swift */; };
		9F4DD951213A2C040065B738 /* Event.swift in Sources */ = {isa = PBXBuildFile; fileRef = 9F4DD950213A2C040065B738 /* Event.swift */; };
		9F4DD954213A2E9D0065B738 /* EventWorker.swift in Sources */ = {isa = PBXBuildFile; fileRef = 9F4DD953213A2E9D0065B738 /* EventWorker.swift */; };
		9F4DD957213A312C0065B738 /* Dispatch.swift in Sources */ = {isa = PBXBuildFile; fileRef = 9F4DD956213A312C0065B738 /* Dispatch.swift */; };
		9F4DD959213A31520065B738 /* Constants.swift in Sources */ = {isa = PBXBuildFile; fileRef = 9F4DD958213A31520065B738 /* Constants.swift */; };
		9F4DD95C213A382A0065B738 /* EventConfigurator.swift in Sources */ = {isa = PBXBuildFile; fileRef = 9F4DD95B213A382A0065B738 /* EventConfigurator.swift */; };
		9F4DD960213B2B020065B738 /* Localizable.strings in Resources */ = {isa = PBXBuildFile; fileRef = 9F4DD95E213B2B020065B738 /* Localizable.strings */; };
		9F4DD96D213B46E00065B738 /* CodeChallengeTableViewTests.swift in Sources */ = {isa = PBXBuildFile; fileRef = 9F4DD96C213B46E00065B738 /* CodeChallengeTableViewTests.swift */; };
/* End PBXBuildFile section */

/* Begin PBXContainerItemProxy section */
		9F4DD96F213B46E00065B738 /* PBXContainerItemProxy */ = {
			isa = PBXContainerItemProxy;
			containerPortal = 9F4DD918213779870065B738 /* Project object */;
			proxyType = 1;
			remoteGlobalIDString = 9F4DD91F213779870065B738;
			remoteInfo = CodeChallengeTableView;
		};
/* End PBXContainerItemProxy section */

/* Begin PBXFileReference section */
		0DD03DE59C6543472B46DE37 /* Pods-CodeChallengeTableView.debug.xcconfig */ = {isa = PBXFileReference; includeInIndex = 1; lastKnownFileType = text.xcconfig; name = "Pods-CodeChallengeTableView.debug.xcconfig"; path = "Pods/Target Support Files/Pods-CodeChallengeTableView/Pods-CodeChallengeTableView.debug.xcconfig"; sourceTree = "<group>"; };
		36E44BF371E62B3B4546F8A5 /* Pods-CodeChallengeTableView.release.xcconfig */ = {isa = PBXFileReference; includeInIndex = 1; lastKnownFileType = text.xcconfig; name = "Pods-CodeChallengeTableView.release.xcconfig"; path = "Pods/Target Support Files/Pods-CodeChallengeTableView/Pods-CodeChallengeTableView.release.xcconfig"; sourceTree = "<group>"; };
		747B092642CA25DC3017A95B /* Pods_CodeChallengeTableView.framework */ = {isa = PBXFileReference; explicitFileType = wrapper.framework; includeInIndex = 0; path = Pods_CodeChallengeTableView.framework; sourceTree = BUILT_PRODUCTS_DIR; };
		9F4DD920213779870065B738 /* CodeChallengeTableView.app */ = {isa = PBXFileReference; explicitFileType = wrapper.application; includeInIndex = 0; path = CodeChallengeTableView.app; sourceTree = BUILT_PRODUCTS_DIR; };
		9F4DD923213779870065B738 /* AppDelegate.swift */ = {isa = PBXFileReference; lastKnownFileType = sourcecode.swift; path = AppDelegate.swift; sourceTree = "<group>"; };
		9F4DD928213779870065B738 /* Base */ = {isa = PBXFileReference; lastKnownFileType = file.storyboard; name = Base; path = Base.lproj/Main.storyboard; sourceTree = "<group>"; };
		9F4DD92A2137798A0065B738 /* Assets.xcassets */ = {isa = PBXFileReference; lastKnownFileType = folder.assetcatalog; path = Assets.xcassets; sourceTree = "<group>"; };
		9F4DD92D2137798A0065B738 /* Base */ = {isa = PBXFileReference; lastKnownFileType = file.storyboard; name = Base; path = Base.lproj/LaunchScreen.storyboard; sourceTree = "<group>"; };
		9F4DD92F2137798A0065B738 /* Info.plist */ = {isa = PBXFileReference; lastKnownFileType = text.plist.xml; path = Info.plist; sourceTree = "<group>"; };
		9F4DD935213884130065B738 /* TopTabItem.swift */ = {isa = PBXFileReference; lastKnownFileType = sourcecode.swift; path = TopTabItem.swift; sourceTree = "<group>"; };
		9F4DD937213884440065B738 /* FilterView.swift */ = {isa = PBXFileReference; lastKnownFileType = sourcecode.swift; path = FilterView.swift; sourceTree = "<group>"; };
		9F4DD93A2139FA4E0065B738 /* HomeViewController.swift */ = {isa = PBXFileReference; lastKnownFileType = sourcecode.swift; path = HomeViewController.swift; sourceTree = "<group>"; };
		9F4DD942213A189E0065B738 /* Base */ = {isa = PBXFileReference; lastKnownFileType = file.storyboard; name = Base; path = Base.lproj/Home.storyboard; sourceTree = "<group>"; };
		9F4DD945213A18C00065B738 /* Base */ = {isa = PBXFileReference; lastKnownFileType = file.storyboard; name = Base; path = Base.lproj/Explore.storyboard; sourceTree = "<group>"; };
		9F4DD948213A18EB0065B738 /* Base */ = {isa = PBXFileReference; lastKnownFileType = file.storyboard; name = Base; path = Base.lproj/MyTickets.storyboard; sourceTree = "<group>"; };
		9F4DD94B213A19230065B738 /* Base */ = {isa = PBXFileReference; lastKnownFileType = file.storyboard; name = Base; path = Base.lproj/Account.storyboard; sourceTree = "<group>"; };
		9F4DD94E213A26380065B738 /* HomeEventsTableViewCell.swift */ = {isa = PBXFileReference; lastKnownFileType = sourcecode.swift; path = HomeEventsTableViewCell.swift; sourceTree = "<group>"; };
		9F4DD950213A2C040065B738 /* Event.swift */ = {isa = PBXFileReference; lastKnownFileType = sourcecode.swift; path = Event.swift; sourceTree = "<group>"; };
		9F4DD953213A2E9D0065B738 /* EventWorker.swift */ = {isa = PBXFileReference; lastKnownFileType = sourcecode.swift; path = EventWorker.swift; sourceTree = "<group>"; };
		9F4DD956213A312C0065B738 /* Dispatch.swift */ = {isa = PBXFileReference; lastKnownFileType = sourcecode.swift; path = Dispatch.swift; sourceTree = "<group>"; };
		9F4DD958213A31520065B738 /* Constants.swift */ = {isa = PBXFileReference; lastKnownFileType = sourcecode.swift; path = Constants.swift; sourceTree = "<group>"; };
		9F4DD95B213A382A0065B738 /* EventConfigurator.swift */ = {isa = PBXFileReference; lastKnownFileType = sourcecode.swift; path = EventConfigurator.swift; sourceTree = "<group>"; };
		9F4DD95F213B2B020065B738 /* Base */ = {isa = PBXFileReference; lastKnownFileType = text.plist.strings; name = Base; path = Base.lproj/Localizable.strings; sourceTree = "<group>"; };
		9F4DD961213B2B1B0065B738 /* en */ = {isa = PBXFileReference; lastKnownFileType = text.plist.strings; name = en; path = en.lproj/Localizable.strings; sourceTree = "<group>"; };
		9F4DD96A213B46DF0065B738 /* CodeChallengeTableViewTests.xctest */ = {isa = PBXFileReference; explicitFileType = wrapper.cfbundle; includeInIndex = 0; path = CodeChallengeTableViewTests.xctest; sourceTree = BUILT_PRODUCTS_DIR; };
		9F4DD96C213B46E00065B738 /* CodeChallengeTableViewTests.swift */ = {isa = PBXFileReference; lastKnownFileType = sourcecode.swift; path = CodeChallengeTableViewTests.swift; sourceTree = "<group>"; };
		9F4DD96E213B46E00065B738 /* Info.plist */ = {isa = PBXFileReference; lastKnownFileType = text.plist.xml; path = Info.plist; sourceTree = "<group>"; };
/* End PBXFileReference section */

/* Begin PBXFrameworksBuildPhase section */
		9F4DD91D213779870065B738 /* Frameworks */ = {
			isa = PBXFrameworksBuildPhase;
			buildActionMask = 2147483647;
			files = (
				41F972AB78D5FECF6D44B280 /* Pods_CodeChallengeTableView.framework in Frameworks */,
			);
			runOnlyForDeploymentPostprocessing = 0;
		};
		9F4DD967213B46DF0065B738 /* Frameworks */ = {
			isa = PBXFrameworksBuildPhase;
			buildActionMask = 2147483647;
			files = (
			);
			runOnlyForDeploymentPostprocessing = 0;
		};
/* End PBXFrameworksBuildPhase section */

/* Begin PBXGroup section */
		38C88DA7B4A83618D34C09B4 /* Frameworks */ = {
			isa = PBXGroup;
			children = (
				747B092642CA25DC3017A95B /* Pods_CodeChallengeTableView.framework */,
			);
			name = Frameworks;
			sourceTree = "<group>";
		};
		8E94382E02477E32FA7A2D95 /* Pods */ = {
			isa = PBXGroup;
			children = (
				0DD03DE59C6543472B46DE37 /* Pods-CodeChallengeTableView.debug.xcconfig */,
				36E44BF371E62B3B4546F8A5 /* Pods-CodeChallengeTableView.release.xcconfig */,
			);
			name = Pods;
			sourceTree = "<group>";
		};
		9F4DD917213779870065B738 = {
			isa = PBXGroup;
			children = (
				9F4DD922213779870065B738 /* CodeChallengeTableView */,
				9F4DD96B213B46E00065B738 /* CodeChallengeTableViewTests */,
				9F4DD921213779870065B738 /* Products */,
				8E94382E02477E32FA7A2D95 /* Pods */,
				38C88DA7B4A83618D34C09B4 /* Frameworks */,
			);
			sourceTree = "<group>";
		};
		9F4DD921213779870065B738 /* Products */ = {
			isa = PBXGroup;
			children = (
				9F4DD920213779870065B738 /* CodeChallengeTableView.app */,
				9F4DD96A213B46DF0065B738 /* CodeChallengeTableViewTests.xctest */,
			);
			name = Products;
			sourceTree = "<group>";
		};
		9F4DD922213779870065B738 /* CodeChallengeTableView */ = {
			isa = PBXGroup;
			children = (
				9F4DD95E213B2B020065B738 /* Localizable.strings */,
				9F4DD94D213A19330065B738 /* storyboards */,
				9F4DD923213779870065B738 /* AppDelegate.swift */,
				9F4DD92A2137798A0065B738 /* Assets.xcassets */,
				9F4DD939213884550065B738 /* views */,
				9F4DD92F2137798A0065B738 /* Info.plist */,
				9F4DD93C2139FA530065B738 /* controllers */,
				9F4DD952213A2C0C0065B738 /* models */,
				9F4DD95A213A315C0065B738 /* utils */,
			);
			path = CodeChallengeTableView;
			sourceTree = "<group>";
		};
		9F4DD939213884550065B738 /* views */ = {
			isa = PBXGroup;
			children = (
				9F4DD937213884440065B738 /* FilterView.swift */,
				9F4DD935213884130065B738 /* TopTabItem.swift */,
				9F4DD94E213A26380065B738 /* HomeEventsTableViewCell.swift */,
			);
			path = views;
			sourceTree = "<group>";
		};
		9F4DD93C2139FA530065B738 /* controllers */ = {
			isa = PBXGroup;
			children = (
				9F4DD93A2139FA4E0065B738 /* HomeViewController.swift */,
				9F4DD955213A2EA30065B738 /* workers */,
				9F4DD95D213A38570065B738 /* configurators */,
			);
			path = controllers;
			sourceTree = "<group>";
		};
		9F4DD94D213A19330065B738 /* storyboards */ = {
			isa = PBXGroup;
			children = (
				9F4DD94A213A19230065B738 /* Account.storyboard */,
				9F4DD947213A18EB0065B738 /* MyTickets.storyboard */,
				9F4DD944213A18C00065B738 /* Explore.storyboard */,
				9F4DD941213A189E0065B738 /* Home.storyboard */,
				9F4DD927213779870065B738 /* Main.storyboard */,
				9F4DD92C2137798A0065B738 /* LaunchScreen.storyboard */,
			);
			path = storyboards;
			sourceTree = "<group>";
		};
		9F4DD952213A2C0C0065B738 /* models */ = {
			isa = PBXGroup;
			children = (
				9F4DD950213A2C040065B738 /* Event.swift */,
			);
			path = models;
			sourceTree = "<group>";
		};
		9F4DD955213A2EA30065B738 /* workers */ = {
			isa = PBXGroup;
			children = (
				9F4DD953213A2E9D0065B738 /* EventWorker.swift */,
			);
			path = workers;
			sourceTree = "<group>";
		};
		9F4DD95A213A315C0065B738 /* utils */ = {
			isa = PBXGroup;
			children = (
				9F4DD956213A312C0065B738 /* Dispatch.swift */,
				9F4DD958213A31520065B738 /* Constants.swift */,
			);
			path = utils;
			sourceTree = "<group>";
		};
		9F4DD95D213A38570065B738 /* configurators */ = {
			isa = PBXGroup;
			children = (
				9F4DD95B213A382A0065B738 /* EventConfigurator.swift */,
			);
			path = configurators;
			sourceTree = "<group>";
		};
		9F4DD96B213B46E00065B738 /* CodeChallengeTableViewTests */ = {
			isa = PBXGroup;
			children = (
				9F4DD96C213B46E00065B738 /* CodeChallengeTableViewTests.swift */,
				9F4DD96E213B46E00065B738 /* Info.plist */,
			);
			path = CodeChallengeTableViewTests;
			sourceTree = "<group>";
		};
/* End PBXGroup section */

/* Begin PBXNativeTarget section */
		9F4DD91F213779870065B738 /* CodeChallengeTableView */ = {
			isa = PBXNativeTarget;
			buildConfigurationList = 9F4DD9322137798A0065B738 /* Build configuration list for PBXNativeTarget "CodeChallengeTableView" */;
			buildPhases = (
				0F529D2B175A8F10CAA350D3 /* [CP] Check Pods Manifest.lock */,
				9F4DD91C213779870065B738 /* Sources */,
				9F4DD91D213779870065B738 /* Frameworks */,
				9F4DD91E213779870065B738 /* Resources */,
				910283170C998AA8422F4381 /* [CP] Embed Pods Frameworks */,
			);
			buildRules = (
			);
			dependencies = (
			);
			name = CodeChallengeTableView;
			productName = CodeChallengeTableView;
			productReference = 9F4DD920213779870065B738 /* CodeChallengeTableView.app */;
			productType = "com.apple.product-type.application";
		};
		9F4DD969213B46DF0065B738 /* CodeChallengeTableViewTests */ = {
			isa = PBXNativeTarget;
			buildConfigurationList = 9F4DD971213B46E00065B738 /* Build configuration list for PBXNativeTarget "CodeChallengeTableViewTests" */;
			buildPhases = (
				9F4DD966213B46DF0065B738 /* Sources */,
				9F4DD967213B46DF0065B738 /* Frameworks */,
				9F4DD968213B46DF0065B738 /* Resources */,
			);
			buildRules = (
			);
			dependencies = (
				9F4DD970213B46E00065B738 /* PBXTargetDependency */,
			);
			name = CodeChallengeTableViewTests;
			productName = CodeChallengeTableViewTests;
			productReference = 9F4DD96A213B46DF0065B738 /* CodeChallengeTableViewTests.xctest */;
			productType = "com.apple.product-type.bundle.unit-test";
		};
/* End PBXNativeTarget section */

/* Begin PBXProject section */
		9F4DD918213779870065B738 /* Project object */ = {
			isa = PBXProject;
			attributes = {
				LastSwiftUpdateCheck = 0940;
				LastUpgradeCheck = 0940;
				ORGANIZATIONNAME = vbchallenges;
				TargetAttributes = {
					9F4DD91F213779870065B738 = {
						CreatedOnToolsVersion = 9.4.1;
					};
					9F4DD969213B46DF0065B738 = {
						CreatedOnToolsVersion = 9.4.1;
						TestTargetID = 9F4DD91F213779870065B738;
					};
				};
			};
			buildConfigurationList = 9F4DD91B213779870065B738 /* Build configuration list for PBXProject "CodeChallengeTableView" */;
			compatibilityVersion = "Xcode 9.3";
			developmentRegion = en;
			hasScannedForEncodings = 0;
			knownRegions = (
				en,
				Base,
			);
			mainGroup = 9F4DD917213779870065B738;
			productRefGroup = 9F4DD921213779870065B738 /* Products */;
			projectDirPath = "";
			projectRoot = "";
			targets = (
				9F4DD91F213779870065B738 /* CodeChallengeTableView */,
				9F4DD969213B46DF0065B738 /* CodeChallengeTableViewTests */,
			);
		};
/* End PBXProject section */

/* Begin PBXResourcesBuildPhase section */
		9F4DD91E213779870065B738 /* Resources */ = {
			isa = PBXResourcesBuildPhase;
			buildActionMask = 2147483647;
			files = (
				9F4DD949213A18EB0065B738 /* MyTickets.storyboard in Resources */,
				9F4DD92E2137798A0065B738 /* LaunchScreen.storyboard in Resources */,
				9F4DD92B2137798A0065B738 /* Assets.xcassets in Resources */,
				9F4DD946213A18C00065B738 /* Explore.storyboard in Resources */,
				9F4DD929213779870065B738 /* Main.storyboard in Resources */,
				9F4DD960213B2B020065B738 /* Localizable.strings in Resources */,
				9F4DD943213A189E0065B738 /* Home.storyboard in Resources */,
				9F4DD94C213A19230065B738 /* Account.storyboard in Resources */,
			);
			runOnlyForDeploymentPostprocessing = 0;
		};
		9F4DD968213B46DF0065B738 /* Resources */ = {
			isa = PBXResourcesBuildPhase;
			buildActionMask = 2147483647;
			files = (
			);
			runOnlyForDeploymentPostprocessing = 0;
		};
/* End PBXResourcesBuildPhase section */

/* Begin PBXShellScriptBuildPhase section */
		0F529D2B175A8F10CAA350D3 /* [CP] Check Pods Manifest.lock */ = {
			isa = PBXShellScriptBuildPhase;
			buildActionMask = 2147483647;
			files = (
			);
			inputPaths = (
				"${PODS_PODFILE_DIR_PATH}/Podfile.lock",
				"${PODS_ROOT}/Manifest.lock",
			);
			name = "[CP] Check Pods Manifest.lock";
			outputPaths = (
				"$(DERIVED_FILE_DIR)/Pods-CodeChallengeTableView-checkManifestLockResult.txt",
			);
			runOnlyForDeploymentPostprocessing = 0;
			shellPath = /bin/sh;
			shellScript = "diff \"${PODS_PODFILE_DIR_PATH}/Podfile.lock\" \"${PODS_ROOT}/Manifest.lock\" > /dev/null\nif [ $? != 0 ] ; then\n    # print error to STDERR\n    echo \"error: The sandbox is not in sync with the Podfile.lock. Run 'pod install' or update your CocoaPods installation.\" >&2\n    exit 1\nfi\n# This output is used by Xcode 'outputs' to avoid re-running this script phase.\necho \"SUCCESS\" > \"${SCRIPT_OUTPUT_FILE_0}\"\n";
			showEnvVarsInLog = 0;
		};
		910283170C998AA8422F4381 /* [CP] Embed Pods Frameworks */ = {
			isa = PBXShellScriptBuildPhase;
			buildActionMask = 2147483647;
			files = (
			);
			inputPaths = (
				"${SRCROOT}/Pods/Target Support Files/Pods-CodeChallengeTableView/Pods-CodeChallengeTableView-frameworks.sh",
				"${BUILT_PRODUCTS_DIR}/Alamofire/Alamofire.framework",
				"${BUILT_PRODUCTS_DIR}/Kingfisher/Kingfisher.framework",
				"${BUILT_PRODUCTS_DIR}/SVProgressHUD/SVProgressHUD.framework",
			);
			name = "[CP] Embed Pods Frameworks";
			outputPaths = (
				"${TARGET_BUILD_DIR}/${FRAMEWORKS_FOLDER_PATH}/Alamofire.framework",
				"${TARGET_BUILD_DIR}/${FRAMEWORKS_FOLDER_PATH}/Kingfisher.framework",
				"${TARGET_BUILD_DIR}/${FRAMEWORKS_FOLDER_PATH}/SVProgressHUD.framework",
			);
			runOnlyForDeploymentPostprocessing = 0;
			shellPath = /bin/sh;
			shellScript = "\"${SRCROOT}/Pods/Target Support Files/Pods-CodeChallengeTableView/Pods-CodeChallengeTableView-frameworks.sh\"\n";
			showEnvVarsInLog = 0;
		};
/* End PBXShellScriptBuildPhase section */

/* Begin PBXSourcesBuildPhase section */
		9F4DD91C213779870065B738 /* Sources */ = {
			isa = PBXSourcesBuildPhase;
			buildActionMask = 2147483647;
			files = (
				9F4DD936213884130065B738 /* TopTabItem.swift in Sources */,
				9F4DD957213A312C0065B738 /* Dispatch.swift in Sources */,
				9F4DD938213884440065B738 /* FilterView.swift in Sources */,
				9F4DD924213779870065B738 /* AppDelegate.swift in Sources */,
				9F4DD94F213A26380065B738 /* HomeEventsTableViewCell.swift in Sources */,
				9F4DD95C213A382A0065B738 /* EventConfigurator.swift in Sources */,
				9F4DD951213A2C040065B738 /* Event.swift in Sources */,
				9F4DD954213A2E9D0065B738 /* EventWorker.swift in Sources */,
				9F4DD93B2139FA4E0065B738 /* HomeViewController.swift in Sources */,
				9F4DD959213A31520065B738 /* Constants.swift in Sources */,
			);
			runOnlyForDeploymentPostprocessing = 0;
		};
		9F4DD966213B46DF0065B738 /* Sources */ = {
			isa = PBXSourcesBuildPhase;
			buildActionMask = 2147483647;
			files = (
				9F4DD96D213B46E00065B738 /* CodeChallengeTableViewTests.swift in Sources */,
			);
			runOnlyForDeploymentPostprocessing = 0;
		};
/* End PBXSourcesBuildPhase section */

/* Begin PBXTargetDependency section */
		9F4DD970213B46E00065B738 /* PBXTargetDependency */ = {
			isa = PBXTargetDependency;
			target = 9F4DD91F213779870065B738 /* CodeChallengeTableView */;
			targetProxy = 9F4DD96F213B46E00065B738 /* PBXContainerItemProxy */;
		};
/* End PBXTargetDependency section */

/* Begin PBXVariantGroup section */
		9F4DD927213779870065B738 /* Main.storyboard */ = {
			isa = PBXVariantGroup;
			children = (
				9F4DD928213779870065B738 /* Base */,
			);
			name = Main.storyboard;
			sourceTree = "<group>";
		};
		9F4DD92C2137798A0065B738 /* LaunchScreen.storyboard */ = {
			isa = PBXVariantGroup;
			children = (
				9F4DD92D2137798A0065B738 /* Base */,
			);
			name = LaunchScreen.storyboard;
			sourceTree = "<group>";
		};
		9F4DD941213A189E0065B738 /* Home.storyboard */ = {
			isa = PBXVariantGroup;
			children = (
				9F4DD942213A189E0065B738 /* Base */,
			);
			name = Home.storyboard;
			sourceTree = "<group>";
		};
		9F4DD944213A18C00065B738 /* Explore.storyboard */ = {
			isa = PBXVariantGroup;
			children = (
				9F4DD945213A18C00065B738 /* Base */,
			);
			name = Explore.storyboard;
			sourceTree = "<group>";
		};
		9F4DD947213A18EB0065B738 /* MyTickets.storyboard */ = {
			isa = PBXVariantGroup;
			children = (
				9F4DD948213A18EB0065B738 /* Base */,
			);
			name = MyTickets.storyboard;
			sourceTree = "<group>";
		};
		9F4DD94A213A19230065B738 /* Account.storyboard */ = {
			isa = PBXVariantGroup;
			children = (
				9F4DD94B213A19230065B738 /* Base */,
			);
			name = Account.storyboard;
			sourceTree = "<group>";
		};
		9F4DD95E213B2B020065B738 /* Localizable.strings */ = {
			isa = PBXVariantGroup;
			children = (
				9F4DD95F213B2B020065B738 /* Base */,
				9F4DD961213B2B1B0065B738 /* en */,
			);
			name = Localizable.strings;
			sourceTree = "<group>";
		};
/* End PBXVariantGroup section */

/* Begin XCBuildConfiguration section */
		9F4DD9302137798A0065B738 /* Debug */ = {
			isa = XCBuildConfiguration;
			buildSettings = {
				ALWAYS_SEARCH_USER_PATHS = NO;
				CLANG_ANALYZER_NONNULL = YES;
				CLANG_ANALYZER_NUMBER_OBJECT_CONVERSION = YES_AGGRESSIVE;
				CLANG_CXX_LANGUAGE_STANDARD = "gnu++14";
				CLANG_CXX_LIBRARY = "libc++";
				CLANG_ENABLE_MODULES = YES;
				CLANG_ENABLE_OBJC_ARC = YES;
				CLANG_ENABLE_OBJC_WEAK = YES;
				CLANG_WARN_BLOCK_CAPTURE_AUTORELEASING = YES;
				CLANG_WARN_BOOL_CONVERSION = YES;
				CLANG_WARN_COMMA = YES;
				CLANG_WARN_CONSTANT_CONVERSION = YES;
				CLANG_WARN_DEPRECATED_OBJC_IMPLEMENTATIONS = YES;
				CLANG_WARN_DIRECT_OBJC_ISA_USAGE = YES_ERROR;
				CLANG_WARN_DOCUMENTATION_COMMENTS = YES;
				CLANG_WARN_EMPTY_BODY = YES;
				CLANG_WARN_ENUM_CONVERSION = YES;
				CLANG_WARN_INFINITE_RECURSION = YES;
				CLANG_WARN_INT_CONVERSION = YES;
				CLANG_WARN_NON_LITERAL_NULL_CONVERSION = YES;
				CLANG_WARN_OBJC_IMPLICIT_RETAIN_SELF = YES;
				CLANG_WARN_OBJC_LITERAL_CONVERSION = YES;
				CLANG_WARN_OBJC_ROOT_CLASS = YES_ERROR;
				CLANG_WARN_RANGE_LOOP_ANALYSIS = YES;
				CLANG_WARN_STRICT_PROTOTYPES = YES;
				CLANG_WARN_SUSPICIOUS_MOVE = YES;
				CLANG_WARN_UNGUARDED_AVAILABILITY = YES_AGGRESSIVE;
				CLANG_WARN_UNREACHABLE_CODE = YES;
				CLANG_WARN__DUPLICATE_METHOD_MATCH = YES;
				CODE_SIGN_IDENTITY = "iPhone Developer";
				COPY_PHASE_STRIP = NO;
				DEBUG_INFORMATION_FORMAT = dwarf;
				ENABLE_STRICT_OBJC_MSGSEND = YES;
				ENABLE_TESTABILITY = YES;
				GCC_C_LANGUAGE_STANDARD = gnu11;
				GCC_DYNAMIC_NO_PIC = NO;
				GCC_NO_COMMON_BLOCKS = YES;
				GCC_OPTIMIZATION_LEVEL = 0;
				GCC_PREPROCESSOR_DEFINITIONS = (
					"DEBUG=1",
					"$(inherited)",
				);
				GCC_WARN_64_TO_32_BIT_CONVERSION = YES;
				GCC_WARN_ABOUT_RETURN_TYPE = YES_ERROR;
				GCC_WARN_UNDECLARED_SELECTOR = YES;
				GCC_WARN_UNINITIALIZED_AUTOS = YES_AGGRESSIVE;
				GCC_WARN_UNUSED_FUNCTION = YES;
				GCC_WARN_UNUSED_VARIABLE = YES;
				IPHONEOS_DEPLOYMENT_TARGET = 11.4;
				MTL_ENABLE_DEBUG_INFO = YES;
				ONLY_ACTIVE_ARCH = YES;
				SDKROOT = iphoneos;
				SWIFT_ACTIVE_COMPILATION_CONDITIONS = DEBUG;
				SWIFT_OPTIMIZATION_LEVEL = "-Onone";
			};
			name = Debug;
		};
		9F4DD9312137798A0065B738 /* Release */ = {
			isa = XCBuildConfiguration;
			buildSettings = {
				ALWAYS_SEARCH_USER_PATHS = NO;
				CLANG_ANALYZER_NONNULL = YES;
				CLANG_ANALYZER_NUMBER_OBJECT_CONVERSION = YES_AGGRESSIVE;
				CLANG_CXX_LANGUAGE_STANDARD = "gnu++14";
				CLANG_CXX_LIBRARY = "libc++";
				CLANG_ENABLE_MODULES = YES;
				CLANG_ENABLE_OBJC_ARC = YES;
				CLANG_ENABLE_OBJC_WEAK = YES;
				CLANG_WARN_BLOCK_CAPTURE_AUTORELEASING = YES;
				CLANG_WARN_BOOL_CONVERSION = YES;
				CLANG_WARN_COMMA = YES;
				CLANG_WARN_CONSTANT_CONVERSION = YES;
				CLANG_WARN_DEPRECATED_OBJC_IMPLEMENTATIONS = YES;
				CLANG_WARN_DIRECT_OBJC_ISA_USAGE = YES_ERROR;
				CLANG_WARN_DOCUMENTATION_COMMENTS = YES;
				CLANG_WARN_EMPTY_BODY = YES;
				CLANG_WARN_ENUM_CONVERSION = YES;
				CLANG_WARN_INFINITE_RECURSION = YES;
				CLANG_WARN_INT_CONVERSION = YES;
				CLANG_WARN_NON_LITERAL_NULL_CONVERSION = YES;
				CLANG_WARN_OBJC_IMPLICIT_RETAIN_SELF = YES;
				CLANG_WARN_OBJC_LITERAL_CONVERSION = YES;
				CLANG_WARN_OBJC_ROOT_CLASS = YES_ERROR;
				CLANG_WARN_RANGE_LOOP_ANALYSIS = YES;
				CLANG_WARN_STRICT_PROTOTYPES = YES;
				CLANG_WARN_SUSPICIOUS_MOVE = YES;
				CLANG_WARN_UNGUARDED_AVAILABILITY = YES_AGGRESSIVE;
				CLANG_WARN_UNREACHABLE_CODE = YES;
				CLANG_WARN__DUPLICATE_METHOD_MATCH = YES;
				CODE_SIGN_IDENTITY = "iPhone Developer";
				COPY_PHASE_STRIP = NO;
				DEBUG_INFORMATION_FORMAT = "dwarf-with-dsym";
				ENABLE_NS_ASSERTIONS = NO;
				ENABLE_STRICT_OBJC_MSGSEND = YES;
				GCC_C_LANGUAGE_STANDARD = gnu11;
				GCC_NO_COMMON_BLOCKS = YES;
				GCC_WARN_64_TO_32_BIT_CONVERSION = YES;
				GCC_WARN_ABOUT_RETURN_TYPE = YES_ERROR;
				GCC_WARN_UNDECLARED_SELECTOR = YES;
				GCC_WARN_UNINITIALIZED_AUTOS = YES_AGGRESSIVE;
				GCC_WARN_UNUSED_FUNCTION = YES;
				GCC_WARN_UNUSED_VARIABLE = YES;
				IPHONEOS_DEPLOYMENT_TARGET = 11.4;
				MTL_ENABLE_DEBUG_INFO = NO;
				SDKROOT = iphoneos;
				SWIFT_COMPILATION_MODE = wholemodule;
				SWIFT_OPTIMIZATION_LEVEL = "-O";
				VALIDATE_PRODUCT = YES;
			};
			name = Release;
		};
		9F4DD9332137798A0065B738 /* Debug */ = {
			isa = XCBuildConfiguration;
			baseConfigurationReference = 0DD03DE59C6543472B46DE37 /* Pods-CodeChallengeTableView.debug.xcconfig */;
			buildSettings = {
				ASSETCATALOG_COMPILER_APPICON_NAME = AppIcon;
				CODE_SIGN_STYLE = Automatic;
				DEVELOPMENT_TEAM = TSAUHSF6TJ;
				INFOPLIST_FILE = CodeChallengeTableView/Info.plist;
				LD_RUNPATH_SEARCH_PATHS = (
					"$(inherited)",
					"@executable_path/Frameworks",
				);
				PRODUCT_BUNDLE_IDENTIFIER = com.vbchallenges.CodeChallengeTableView;
				PRODUCT_NAME = "$(TARGET_NAME)";
				SWIFT_VERSION = 4.0;
				TARGETED_DEVICE_FAMILY = "1,2";
			};
			name = Debug;
		};
		9F4DD9342137798A0065B738 /* Release */ = {
			isa = XCBuildConfiguration;
			baseConfigurationReference = 36E44BF371E62B3B4546F8A5 /* Pods-CodeChallengeTableView.release.xcconfig */;
			buildSettings = {
				ASSETCATALOG_COMPILER_APPICON_NAME = AppIcon;
				CODE_SIGN_STYLE = Automatic;
				DEVELOPMENT_TEAM = TSAUHSF6TJ;
				INFOPLIST_FILE = CodeChallengeTableView/Info.plist;
				LD_RUNPATH_SEARCH_PATHS = (
					"$(inherited)",
					"@executable_path/Frameworks",
				);
				PRODUCT_BUNDLE_IDENTIFIER = com.vbchallenges.CodeChallengeTableView;
				PRODUCT_NAME = "$(TARGET_NAME)";
				SWIFT_VERSION = 4.0;
				TARGETED_DEVICE_FAMILY = "1,2";
			};
			name = Release;
		};
		9F4DD972213B46E00065B738 /* Debug */ = {
			isa = XCBuildConfiguration;
			buildSettings = {
				BUNDLE_LOADER = "$(TEST_HOST)";
				CODE_SIGN_STYLE = Automatic;
				DEVELOPMENT_TEAM = TSAUHSF6TJ;
				INFOPLIST_FILE = CodeChallengeTableViewTests/Info.plist;
				LD_RUNPATH_SEARCH_PATHS = (
					"$(inherited)",
					"@executable_path/Frameworks",
					"@loader_path/Frameworks",
				);
				PRODUCT_BUNDLE_IDENTIFIER = com.vbchallenges.CodeChallengeTableViewTests;
				PRODUCT_NAME = "$(TARGET_NAME)";
				SWIFT_VERSION = 4.0;
				TARGETED_DEVICE_FAMILY = "1,2";
				TEST_HOST = "$(BUILT_PRODUCTS_DIR)/CodeChallengeTableView.app/CodeChallengeTableView";
			};
			name = Debug;
		};
		9F4DD973213B46E00065B738 /* Release */ = {
			isa = XCBuildConfiguration;
			buildSettings = {
				BUNDLE_LOADER = "$(TEST_HOST)";
				CODE_SIGN_STYLE = Automatic;
				DEVELOPMENT_TEAM = TSAUHSF6TJ;
				INFOPLIST_FILE = CodeChallengeTableViewTests/Info.plist;
				LD_RUNPATH_SEARCH_PATHS = (
					"$(inherited)",
					"@executable_path/Frameworks",
					"@loader_path/Frameworks",
				);
				PRODUCT_BUNDLE_IDENTIFIER = com.vbchallenges.CodeChallengeTableViewTests;
				PRODUCT_NAME = "$(TARGET_NAME)";
				SWIFT_VERSION = 4.0;
				TARGETED_DEVICE_FAMILY = "1,2";
				TEST_HOST = "$(BUILT_PRODUCTS_DIR)/CodeChallengeTableView.app/CodeChallengeTableView";
			};
			name = Release;
		};
/* End XCBuildConfiguration section */

/* Begin XCConfigurationList section */
		9F4DD91B213779870065B738 /* Build configuration list for PBXProject "CodeChallengeTableView" */ = {
			isa = XCConfigurationList;
			buildConfigurations = (
				9F4DD9302137798A0065B738 /* Debug */,
				9F4DD9312137798A0065B738 /* Release */,
			);
			defaultConfigurationIsVisible = 0;
			defaultConfigurationName = Release;
		};
		9F4DD9322137798A0065B738 /* Build configuration list for PBXNativeTarget "CodeChallengeTableView" */ = {
			isa = XCConfigurationList;
			buildConfigurations = (
				9F4DD9332137798A0065B738 /* Debug */,
				9F4DD9342137798A0065B738 /* Release */,
			);
			defaultConfigurationIsVisible = 0;
			defaultConfigurationName = Release;
		};
		9F4DD971213B46E00065B738 /* Build configuration list for PBXNativeTarget "CodeChallengeTableViewTests" */ = {
			isa = XCConfigurationList;
			buildConfigurations = (
				9F4DD972213B46E00065B738 /* Debug */,
				9F4DD973213B46E00065B738 /* Release */,
			);
			defaultConfigurationIsVisible = 0;
			defaultConfigurationName = Release;
		};
/* End XCConfigurationList section */
	};
	rootObject = 9F4DD918213779870065B738 /* Project object */;
}
